
Microsoft Visual Studio Solution File, Format Version 12.00
# Visual Studio Version 17
VisualStudioVersion = 17.6.33815.320
MinimumVisualStudioVersion = 10.0.40219.1
Project("{FAE04EC0-301F-11D3-BF4B-00C04F79EFBC}") = "Shopping_cart", "Shopping_cart\Shopping_cart.csproj", "{26C021D3-9A86-428E-938E-F1C990FA1B4A}"
EndProject
Global
	GlobalSection(SolutionConfigurationPlatforms) = preSolution
		Debug|Any CPU = Debug|Any CPU
		Release|Any CPU = Release|Any CPU
	EndGlobalSection
	GlobalSection(ProjectConfigurationPlatforms) = postSolution
		{26C021D3-9A86-428E-938E-F1C990FA1B4A}.Debug|Any CPU.ActiveCfg = Debug|Any CPU
		{26C021D3-9A86-428E-938E-F1C990FA1B4A}.Debug|Any CPU.Build.0 = Debug|Any CPU
		{26C021D3-9A86-428E-938E-F1C990FA1B4A}.Release|Any CPU.ActiveCfg = Release|Any CPU
		{26C021D3-9A86-428E-938E-F1C990FA1B4A}.Release|Any CPU.Build.0 = Release|Any CPU
	EndGlobalSection
	GlobalSection(SolutionProperties) = preSolution
		HideSolutionNode = FALSE
	EndGlobalSection
	GlobalSection(ExtensibilityGlobals) = postSolution
		SolutionGuid = {FCFB9E4E-735C-4FE5-988E-13FC55686AD3}
	EndGlobalSection
EndGlobal
